{
  "name": "finite-field",
  "version": "1.0.0",
  "lockfileVersion": 1,
  "requires": true,
  "dependencies": {
    "bignumber.js": {
      "version": "4.0.3",
      "resolved": "https://registry.npmjs.org/bignumber.js/-/bignumber.js-4.0.3.tgz",
      "integrity": "sha512-k4oRv40D6QNDoyG0hdI/VOuScPs81eiOw9WlSspXmoLHT210kpFB3vzyCmR4oQvTd+dkUSuE7wsew+8ouDFZ/g=="
    },
    "colors": {
      "version": "1.1.2",
      "resolved": "https://registry.npmjs.org/colors/-/colors-1.1.2.tgz",
      "integrity": "sha1-FopHAXVran9RoSzgyXv6KMCE7WM=",
      "dev": true
    },
    "testing": {
      "version": "git+https://github.com/jeffallen6767/testing.git#aa766856dbd2e5fcfcfe256b95f35375f09e2090",
      "dev": true,
      "requires": {
        "colors": "1.1.2"
      }
    }
  }
}
